
Microsoft Visual Studio Solution File, Format Version 12.00
# Visual Studio 15
VisualStudioVersion = 15.0.27004.2006
MinimumVisualStudioVersion = 10.0.40219.1
Project("{8BC9CEB8-8B4A-11D0-8D11-00A0C91BC942}") = "Agony Framework", "Agony CE\Agony CE.vcxproj", "{80907259-3D6D-4C51-93B1-770CFA1C70DA}"
EndProject
Global
	GlobalSection(SolutionConfigurationPlatforms) = preSolution
		CodeAnalysis|Xbox 360 = CodeAnalysis|Xbox 360
		Debug|Xbox 360 = Debug|Xbox 360
		Profile_FastCap|Xbox 360 = Profile_FastCap|Xbox 360
		Profile|Xbox 360 = Profile|Xbox 360
		Release_LTCG|Xbox 360 = Release_LTCG|Xbox 360
		Release|Xbox 360 = Release|Xbox 360
	EndGlobalSection
	GlobalSection(ProjectConfigurationPlatforms) = postSolution
		{80907259-3D6D-4C51-93B1-770CFA1C70DA}.CodeAnalysis|Xbox 360.ActiveCfg = CodeAnalysis|Xbox 360
		{80907259-3D6D-4C51-93B1-770CFA1C70DA}.CodeAnalysis|Xbox 360.Build.0 = CodeAnalysis|Xbox 360
		{80907259-3D6D-4C51-93B1-770CFA1C70DA}.Debug|Xbox 360.ActiveCfg = Debug|Xbox 360
		{80907259-3D6D-4C51-93B1-770CFA1C70DA}.Debug|Xbox 360.Build.0 = Debug|Xbox 360
		{80907259-3D6D-4C51-93B1-770CFA1C70DA}.Profile_FastCap|Xbox 360.ActiveCfg = Profile_FastCap|Xbox 360
		{80907259-3D6D-4C51-93B1-770CFA1C70DA}.Profile_FastCap|Xbox 360.Build.0 = Profile_FastCap|Xbox 360
		{80907259-3D6D-4C51-93B1-770CFA1C70DA}.Profile|Xbox 360.ActiveCfg = Profile|Xbox 360
		{80907259-3D6D-4C51-93B1-770CFA1C70DA}.Profile|Xbox 360.Build.0 = Profile|Xbox 360
		{80907259-3D6D-4C51-93B1-770CFA1C70DA}.Release_LTCG|Xbox 360.ActiveCfg = Release_LTCG|Xbox 360
		{80907259-3D6D-4C51-93B1-770CFA1C70DA}.Release_LTCG|Xbox 360.Build.0 = Release_LTCG|Xbox 360
		{80907259-3D6D-4C51-93B1-770CFA1C70DA}.Release|Xbox 360.ActiveCfg = Release|Xbox 360
		{80907259-3D6D-4C51-93B1-770CFA1C70DA}.Release|Xbox 360.Build.0 = Release|Xbox 360
	EndGlobalSection
	GlobalSection(SolutionProperties) = preSolution
		HideSolutionNode = FALSE
	EndGlobalSection
	GlobalSection(ExtensibilityGlobals) = postSolution
		SolutionGuid = {155C047C-34B4-4888-B32F-26788DC1199C}
	EndGlobalSection
EndGlobal
